
Microsoft Visual Studio Solution File, Format Version 12.00
# Visual Studio Version 17
VisualStudioVersion = 17.7.34024.191
MinimumVisualStudioVersion = 10.0.40219.1
Project("{FAE04EC0-301F-11D3-BF4B-00C04F79EFBC}") = "DrawTriangle", "DrawTriangle\DrawTriangle.csproj", "{57F64FBE-FF44-4B5B-918B-30990C14B206}"
EndProject
Global
	GlobalSection(SolutionConfigurationPlatforms) = preSolution
		Debug|Any CPU = Debug|Any CPU
		Release|Any CPU = Release|Any CPU
	EndGlobalSection
	GlobalSection(ProjectConfigurationPlatforms) = postSolution
		{57F64FBE-FF44-4B5B-918B-30990C14B206}.Debug|Any CPU.ActiveCfg = Debug|Any CPU
		{57F64FBE-FF44-4B5B-918B-30990C14B206}.Debug|Any CPU.Build.0 = Debug|Any CPU
		{57F64FBE-FF44-4B5B-918B-30990C14B206}.Release|Any CPU.ActiveCfg = Release|Any CPU
		{57F64FBE-FF44-4B5B-918B-30990C14B206}.Release|Any CPU.Build.0 = Release|Any CPU
	EndGlobalSection
	GlobalSection(SolutionProperties) = preSolution
		HideSolutionNode = FALSE
	EndGlobalSection
	GlobalSection(ExtensibilityGlobals) = postSolution
		SolutionGuid = {A65583CA-94F1-4757-A437-A5001D820D8D}
	EndGlobalSection
EndGlobal
